<?xml version="1.0" encoding="utf-8"?>
<Project ToolsVersion="4.0" xmlns="http://schemas.microsoft.com/developer/msbuild/2003">
  <ItemGroup>
    <ClCompile Include="Game.cpp">
      <Filter>Source</Filter>
    </ClCompile>
    <ClCompile Include="GameManager.cpp">
      <Filter>Source</Filter>
    </ClCompile>
    <ClCompile Include="Main.cpp">
      <Filter>Source</Filter>
    </ClCompile>
    <ClCompile Include="ChaserEnemy.cpp">
      <Filter>Source\Ships</Filter>
    </ClCompile>
    <ClCompile Include="RangedEnemy.cpp">
      <Filter>Source\Ships</Filter>
    </ClCompile>
    <ClCompile Include="PlayerShip.cpp">
      <Filter>Source\Ships</Filter>
    </ClCompile>
    <ClCompile Include="Ship.cpp">
      <Filter>Source\Ships</Filter>
    </ClCompile>
    <ClCompile Include="Astroid.cpp">
      <Filter>Source\Ships</Filter>
    </ClCompile>
    <ClCompile Include="RenderableObject.cpp">
      <Filter>Source\Ships</Filter>
    </ClCompile>
    <ClCompile Include="EnemyBullet.cpp">
      <Filter>Source\Bullets</Filter>
    </ClCompile>
    <ClCompile Include="PlayerBullet.cpp">
      <Filter>Source\Bullets</Filter>
    </ClCompile>
    <ClCompile Include="PowerUp.cpp">
      <Filter>Source\Bullets</Filter>
    </ClCompile>
    <ClCompile Include="Bullet.cpp">
      <Filter>Source\Bullets</Filter>
    </ClCompile>
    <ClCompile Include="ServiceLocator.cpp">
      <Filter>Source\Audio</Filter>
    </ClCompile>
    <ClCompile Include="SFMLSoundProvider.cpp">
      <Filter>Source\Audio</Filter>
    </ClCompile>
    <ClCompile Include="SoundFileCache.cpp">
      <Filter>Source\Audio</Filter>
    </ClCompile>
    <ClCompile Include="GameOverScreen.cpp">
      <Filter>Source\Menus</Filter>
    </ClCompile>
    <ClCompile Include="GraphicsMenu.cpp">
      <Filter>Source\Menus</Filter>
    </ClCompile>
    <ClCompile Include="MainMenu.cpp">
      <Filter>Source\Menus</Filter>
    </ClCompile>
    <ClCompile Include="PauseScreen.cpp">
      <Filter>Source\Menus</Filter>
    </ClCompile>
    <ClCompile Include="SplashScreen.cpp">
      <Filter>Source\Menus</Filter>
    </ClCompile>
  </ItemGroup>
  <ItemGroup>
    <ClInclude Include="stdafx.h" />
    <ClInclude Include="Game.h">
      <Filter>Headers</Filter>
    </ClInclude>
    <ClInclude Include="GameManager.h">
      <Filter>Headers</Filter>
    </ClInclude>
    <ClInclude Include="Astroid.h">
      <Filter>Headers\Ships</Filter>
    </ClInclude>
    <ClInclude Include="Bullet.h">
      <Filter>Headers\Bullets</Filter>
    </ClInclude>
    <ClInclude Include="ChaserEnemy.h">
      <Filter>Headers\Ships</Filter>
    </ClInclude>
    <ClInclude Include="EnemyBullet.h">
      <Filter>Headers\Bullets</Filter>
    </ClInclude>
    <ClInclude Include="GameOverScreen.h">
      <Filter>Headers\Menus</Filter>
    </ClInclude>
    <ClInclude Include="GraphicsMenu.h">
      <Filter>Headers\Menus</Filter>
    </ClInclude>
    <ClInclude Include="IAudioProvider.h">
      <Filter>Headers\Audio</Filter>
    </ClInclude>
    <ClInclude Include="PauseScreen.h">
      <Filter>Headers\Menus</Filter>
    </ClInclude>
    <ClInclude Include="MainMenu.h">
      <Filter>Headers\Menus</Filter>
    </ClInclude>
    <ClInclude Include="PlayerBullet.h">
      <Filter>Headers\Bullets</Filter>
    </ClInclude>
    <ClInclude Include="PlayerShip.h">
      <Filter>Headers\Ships</Filter>
    </ClInclude>
    <ClInclude Include="PowerUp.h">
      <Filter>Headers\Bullets</Filter>
    </ClInclude>
    <ClInclude Include="RangedEnemy.h">
      <Filter>Headers\Ships</Filter>
    </ClInclude>
    <ClInclude Include="SFMLSoundProvider.h">
      <Filter>Headers\Audio</Filter>
    </ClInclude>
    <ClInclude Include="ServiceLocator.h">
      <Filter>Headers\Audio</Filter>
    </ClInclude>
    <ClInclude Include="RenderableObject.h">
      <Filter>Headers\Ships</Filter>
    </ClInclude>
    <ClInclude Include="SoundFileCache.h">
      <Filter>Headers\Audio</Filter>
    </ClInclude>
    <ClInclude Include="SplashScreen.h">
      <Filter>Headers\Menus</Filter>
    </ClInclude>
    <ClInclude Include="Ship.h">
      <Filter>Headers\Ships</Filter>
    </ClInclude>
  </ItemGroup>
  <ItemGroup>
    <Filter Include="Headers">
      <UniqueIdentifier>{38b43dbc-9d9d-41c7-b988-5334d20e358d}</UniqueIdentifier>
    </Filter>
    <Filter Include="Source">
      <UniqueIdentifier>{687d363b-74d7-45d2-831e-ce8fd70157e4}</UniqueIdentifier>
    </Filter>
    <Filter Include="Source\Ships">
      <UniqueIdentifier>{f85b183f-9bbd-46ad-b468-819c66b64e6f}</UniqueIdentifier>
    </Filter>
    <Filter Include="Source\Bullets">
      <UniqueIdentifier>{fcf16855-e3b3-480a-966f-e0f47c3d1dcb}</UniqueIdentifier>
    </Filter>
    <Filter Include="Source\Audio">
      <UniqueIdentifier>{54fdac50-b6d6-4fbe-a6b5-3c3c24e2b492}</UniqueIdentifier>
    </Filter>
    <Filter Include="Source\Menus">
      <UniqueIdentifier>{8044b98a-033e-4db5-8b11-eed96366d8ae}</UniqueIdentifier>
    </Filter>
    <Filter Include="Headers\Ships">
      <UniqueIdentifier>{31e5713f-2554-4e70-b2b5-607ed9918f80}</UniqueIdentifier>
    </Filter>
    <Filter Include="Headers\Bullets">
      <UniqueIdentifier>{43673201-2b7e-4236-8bdd-bb7d0b8ee17e}</UniqueIdentifier>
    </Filter>
    <Filter Include="Headers\Menus">
      <UniqueIdentifier>{f168ae32-a614-4b44-89e9-c31ef9da9b2c}</UniqueIdentifier>
    </Filter>
    <Filter Include="Headers\Audio">
      <UniqueIdentifier>{53cb2afa-3c5f-4e29-b1a7-a499a8e16760}</UniqueIdentifier>
    </Filter>
  </ItemGroup>
</Project>